
Microsoft Visual Studio Solution File, Format Version 12.00
# Visual Studio Version 16
VisualStudioVersion = 16.0.30413.136
MinimumVisualStudioVersion = 10.0.40219.1
Project("{9A19103F-16F7-4668-BE54-9A1E7A4F7556}") = "IdentityControl", "IdentityControl\IdentityControl.csproj", "{A8D27249-5BCB-4DD6-B81D-E4E124AB66DC}"
EndProject
Project("{2150E333-8FDC-42A3-9474-1A3956D46DE8}") = "NewFolder1", "NewFolder1", "{EED96A61-346D-4658-9CCA-E5263E8EC011}"
EndProject
Global
	GlobalSection(SolutionConfigurationPlatforms) = preSolution
		Debug|Any CPU = Debug|Any CPU
		Release|Any CPU = Release|Any CPU
	EndGlobalSection
	GlobalSection(ProjectConfigurationPlatforms) = postSolution
		{A8D27249-5BCB-4DD6-B81D-E4E124AB66DC}.Debug|Any CPU.ActiveCfg = Debug|Any CPU
		{A8D27249-5BCB-4DD6-B81D-E4E124AB66DC}.Debug|Any CPU.Build.0 = Debug|Any CPU
		{A8D27249-5BCB-4DD6-B81D-E4E124AB66DC}.Release|Any CPU.ActiveCfg = Release|Any CPU
		{A8D27249-5BCB-4DD6-B81D-E4E124AB66DC}.Release|Any CPU.Build.0 = Release|Any CPU
	EndGlobalSection
	GlobalSection(SolutionProperties) = preSolution
		HideSolutionNode = FALSE
	EndGlobalSection
	GlobalSection(ExtensibilityGlobals) = postSolution
		SolutionGuid = {A0A278D9-746E-4A43-AF97-1317DEFDD4BB}
	EndGlobalSection
EndGlobal
