
Microsoft Visual Studio Solution File, Format Version 12.00
# Visual Studio Version 16
VisualStudioVersion = 16.0.30413.136
MinimumVisualStudioVersion = 10.0.40219.1
Project("{9A19103F-16F7-4668-BE54-9A1E7A4F7556}") = "Ma.MercadoAssistente.Scafolding", "Mercado.Assistente.Scafolding\Ma.MercadoAssistente.Scafolding.csproj", "{F1C6075E-579D-4765-A397-04E77C99B330}"
EndProject
Global
	GlobalSection(SolutionConfigurationPlatforms) = preSolution
		Debug|Any CPU = Debug|Any CPU
		Release|Any CPU = Release|Any CPU
	EndGlobalSection
	GlobalSection(ProjectConfigurationPlatforms) = postSolution
		{F1C6075E-579D-4765-A397-04E77C99B330}.Debug|Any CPU.ActiveCfg = Debug|Any CPU
		{F1C6075E-579D-4765-A397-04E77C99B330}.Debug|Any CPU.Build.0 = Debug|Any CPU
		{F1C6075E-579D-4765-A397-04E77C99B330}.Release|Any CPU.ActiveCfg = Release|Any CPU
		{F1C6075E-579D-4765-A397-04E77C99B330}.Release|Any CPU.Build.0 = Release|Any CPU
	EndGlobalSection
	GlobalSection(SolutionProperties) = preSolution
		HideSolutionNode = FALSE
	EndGlobalSection
	GlobalSection(ExtensibilityGlobals) = postSolution
		SolutionGuid = {3472AF2D-6575-4679-AE65-BB9BA1606340}
	EndGlobalSection
EndGlobal
